// !$*UTF8*$!
{
	archiveVersion = 1;
	classes = {
	};
	objectVersion = 77;
	objects = {

/* Begin PBXBuildFile section */
		F76E42A72E908ADE0056439C /* PeopleListViewController.swift in Sources */ = {isa = PBXBuildFile; fileRef = F76E42A62E908ADE0056439C /* PeopleListViewController.swift */; };
		F76E42A92E91857A0056439C /* PeopleListViewModel.swift in Sources */ = {isa = PBXBuildFile; fileRef = F76E42A82E9182360056439C /* PeopleListViewModel.swift */; };
		F76E42AB2E919D1A0056439C /* AddEditPersonViewController.swift in Sources */ = {isa = PBXBuildFile; fileRef = F76E42AA2E919D1A0056439C /* AddEditPersonViewController.swift */; };
		F76E42C12E91A4F70056439C /* LandingHeroHeaderView.swift in Sources */ = {isa = PBXBuildFile; fileRef = F76E42C02E91A4F70056439C /* LandingHeroHeaderView.swift */; };
		F76E42D22E93C0010056439C /* CheckInJourneyViewController.swift in Sources */ = {isa = PBXBuildFile; fileRef = F76E42D12E93C0010056439C /* CheckInJourneyViewController.swift */; };
		F76E42D42E93C0010056439C /* PersonCheckInData.swift in Sources */ = {isa = PBXBuildFile; fileRef = F76E42D32E93C0010056439C /* PersonCheckInData.swift */; };
		F76E42E22E93C9010056439C /* CheckInAnalyticsLogger.swift in Sources */ = {isa = PBXBuildFile; fileRef = F76E42E12E93C9010056439C /* CheckInAnalyticsLogger.swift */; };
		F76E42E42E93C9010056439C /* TextCategorizer.swift in Sources */ = {isa = PBXBuildFile; fileRef = F76E42E32E93C9010056439C /* TextCategorizer.swift */; };
		F76E42E62E93C9010056439C /* Daypart.swift in Sources */ = {isa = PBXBuildFile; fileRef = F76E42E52E93C9010056439C /* Daypart.swift */; };
		F76E42E82E93C950056439C /* CheckInAnalyticsSummaryProvider.swift in Sources */ = {isa = PBXBuildFile; fileRef = F76E42E72E93C950056439C /* CheckInAnalyticsSummaryProvider.swift */; };
		F76E42F22E93D200056439C /* AdminSession.swift in Sources */ = {isa = PBXBuildFile; fileRef = F76E42F12E93D200056439C /* AdminSession.swift */; };
		F76E42F42E93D200056439C /* AnalyticsViewController.swift in Sources */ = {isa = PBXBuildFile; fileRef = F76E42F32E93D200056439C /* AnalyticsViewController.swift */; };
		F76E43012E95A0010056439C /* CheckInHistoryViewController.swift in Sources */ = {isa = PBXBuildFile; fileRef = F76E43002E95A0010056439C /* CheckInHistoryViewController.swift */; };
		F76E43452EA1C0A10056439C /* CheckInService.swift in Sources */ = {isa = PBXBuildFile; fileRef = F76E43442EA1C0A10056439C /* CheckInService.swift */; };
		F76E43112E95B100056439C /* PersonService.swift in Sources */ = {isa = PBXBuildFile; fileRef = F76E43102E95B100056439C /* PersonService.swift */; };
		F76E43132E95B120056439C /* PersonRepository.swift in Sources */ = {isa = PBXBuildFile; fileRef = F76E43122E95B120056439C /* PersonRepository.swift */; };
		F76E43152E95B121056439C /* CheckInRepository.swift in Sources */ = {isa = PBXBuildFile; fileRef = F76E43142E95B121056439C /* CheckInRepository.swift */; };
		F76E43182E95C301056439C /* AddEditPersonViewModel.swift in Sources */ = {isa = PBXBuildFile; fileRef = F76E43172E95C300056439C /* AddEditPersonViewModel.swift */; };
		F76E43202E9700010056439C /* AppRouter.swift in Sources */ = {isa = PBXBuildFile; fileRef = F76E43212E9700010056439C /* AppRouter.swift */; };
		F76E43222E9700020056439C /* AppCoordinator.swift in Sources */ = {isa = PBXBuildFile; fileRef = F76E43232E9700020056439C /* AppCoordinator.swift */; };
		F76E43322E9800030056439C /* PeopleFlowCoordinator.swift in Sources */ = {isa = PBXBuildFile; fileRef = F76E43302E9800010056439C /* PeopleFlowCoordinator.swift */; };
		F76E43332E9800040056439C /* PersonDetailViewController.swift in Sources */ = {isa = PBXBuildFile; fileRef = F76E43312E9800020056439C /* PersonDetailViewController.swift */; };
/* End PBXBuildFile section */

/* Begin PBXFileReference section */
		F76E42662E9071DD0056439C /* DaVita-iPad-app.app */ = {isa = PBXFileReference; explicitFileType = wrapper.application; includeInIndex = 0; path = "DaVita-iPad-app.app"; sourceTree = BUILT_PRODUCTS_DIR; };
		F76E42A62E908ADE0056439C /* PeopleListViewController.swift */ = {isa = PBXFileReference; lastKnownFileType = sourcecode.swift; path = PeopleListViewController.swift; sourceTree = "<group>"; };
		F76E42A82E9182360056439C /* PeopleListViewModel.swift */ = {isa = PBXFileReference; lastKnownFileType = sourcecode.swift; path = PeopleListViewModel.swift; sourceTree = "<group>"; };
		F76E42AA2E919D1A0056439C /* AddEditPersonViewController.swift */ = {isa = PBXFileReference; lastKnownFileType = sourcecode.swift; path = AddEditPersonViewController.swift; sourceTree = "<group>"; };
		F76E42C02E91A4F70056439C /* LandingHeroHeaderView.swift */ = {isa = PBXFileReference; lastKnownFileType = sourcecode.swift; path = LandingHeroHeaderView.swift; sourceTree = "<group>"; };
		F76E42D12E93C0010056439C /* CheckInJourneyViewController.swift */ = {isa = PBXFileReference; lastKnownFileType = sourcecode.swift; path = CheckInJourneyViewController.swift; sourceTree = "<group>"; };
		F76E42D32E93C0010056439C /* PersonCheckInData.swift */ = {isa = PBXFileReference; lastKnownFileType = sourcecode.swift; path = PersonCheckInData.swift; sourceTree = "<group>"; };
		F76E42E12E93C9010056439C /* CheckInAnalyticsLogger.swift */ = {isa = PBXFileReference; lastKnownFileType = sourcecode.swift; path = CheckInAnalyticsLogger.swift; sourceTree = "<group>"; };
		F76E42E32E93C9010056439C /* TextCategorizer.swift */ = {isa = PBXFileReference; lastKnownFileType = sourcecode.swift; path = TextCategorizer.swift; sourceTree = "<group>"; };
		F76E42E52E93C9010056439C /* Daypart.swift */ = {isa = PBXFileReference; lastKnownFileType = sourcecode.swift; path = Daypart.swift; sourceTree = "<group>"; };
		F76E42E72E93C950056439C /* CheckInAnalyticsSummaryProvider.swift */ = {isa = PBXFileReference; lastKnownFileType = sourcecode.swift; path = CheckInAnalyticsSummaryProvider.swift; sourceTree = "<group>"; };
		F76E42F12E93D200056439C /* AdminSession.swift */ = {isa = PBXFileReference; lastKnownFileType = sourcecode.swift; path = AdminSession.swift; sourceTree = "<group>"; };
		F76E42F32E93D200056439C /* AnalyticsViewController.swift */ = {isa = PBXFileReference; lastKnownFileType = sourcecode.swift; path = AnalyticsViewController.swift; sourceTree = "<group>"; };
		F76E43002E95A0010056439C /* CheckInHistoryViewController.swift */ = {isa = PBXFileReference; lastKnownFileType = sourcecode.swift; path = CheckInHistoryViewController.swift; sourceTree = "<group>"; };
		F76E43442EA1C0A10056439C /* CheckInService.swift */ = {isa = PBXFileReference; lastKnownFileType = sourcecode.swift; path = CheckInService.swift; sourceTree = "<group>"; };
		F76E43102E95B100056439C /* PersonService.swift */ = {isa = PBXFileReference; lastKnownFileType = sourcecode.swift; path = PersonService.swift; sourceTree = "<group>"; };
		F76E43122E95B120056439C /* PersonRepository.swift */ = {isa = PBXFileReference; lastKnownFileType = sourcecode.swift; path = PersonRepository.swift; sourceTree = "<group>"; };
		F76E43142E95B121056439C /* CheckInRepository.swift */ = {isa = PBXFileReference; lastKnownFileType = sourcecode.swift; path = CheckInRepository.swift; sourceTree = "<group>"; };
		F76E43172E95C300056439C /* AddEditPersonViewModel.swift */ = {isa = PBXFileReference; lastKnownFileType = sourcecode.swift; path = AddEditPersonViewModel.swift; sourceTree = "<group>"; };
		F76E43212E9700010056439C /* AppRouter.swift */ = {isa = PBXFileReference; lastKnownFileType = sourcecode.swift; path = AppRouter.swift; sourceTree = "<group>"; };
		F76E43232E9700020056439C /* AppCoordinator.swift */ = {isa = PBXFileReference; lastKnownFileType = sourcecode.swift; path = AppCoordinator.swift; sourceTree = "<group>"; };
		F76E43302E9800010056439C /* PeopleFlowCoordinator.swift */ = {isa = PBXFileReference; lastKnownFileType = sourcecode.swift; path = PeopleFlowCoordinator.swift; sourceTree = "<group>"; };
		F76E43312E9800020056439C /* PersonDetailViewController.swift */ = {isa = PBXFileReference; lastKnownFileType = sourcecode.swift; path = PersonDetailViewController.swift; sourceTree = "<group>"; };
/* End PBXFileReference section */

/* Begin PBXFileSystemSynchronizedBuildFileExceptionSet section */
		F76E428E2E9071DE0056439C /* Exceptions for "DaVita-iPad-app" folder in "DaVita-iPad-app" target */ = {
			isa = PBXFileSystemSynchronizedBuildFileExceptionSet;
			membershipExceptions = (
				Info.plist,
			);
			target = F76E42652E9071DD0056439C /* DaVita-iPad-app */;
		};
/* End PBXFileSystemSynchronizedBuildFileExceptionSet section */

/* Begin PBXFileSystemSynchronizedRootGroup section */
		F76E42682E9071DD0056439C /* DaVita-iPad-app */ = {
			isa = PBXFileSystemSynchronizedRootGroup;
			exceptions = (
				F76E428E2E9071DE0056439C /* Exceptions for "DaVita-iPad-app" folder in "DaVita-iPad-app" target */,
			);
			path = "DaVita-iPad-app";
			sourceTree = "<group>";
		};
/* End PBXFileSystemSynchronizedRootGroup section */

/* Begin PBXFrameworksBuildPhase section */
		F76E42632E9071DD0056439C /* Frameworks */ = {
			isa = PBXFrameworksBuildPhase;
			buildActionMask = 2147483647;
			files = (
			);
			runOnlyForDeploymentPostprocessing = 0;
		};
/* End PBXFrameworksBuildPhase section */

/* Begin PBXGroup section */
		F76E425D2E9071DD0056439C = {
			isa = PBXGroup;
			children = (
				F76E42A52E90860B0056439C /* Services */,
				F76E43242E9700100056439C /* Coordinators */,
				F76E43162E95B200056439C /* Storage */,
				F76E42A42E9086030056439C /* Models */,
				F76E42A32E9085FA0056439C /* ViewModels */,
				F76E42A22E9085CE0056439C /* Views */,
				F76E42682E9071DD0056439C /* DaVita-iPad-app */,
				F76E42672E9071DD0056439C /* Products */,
			);
			sourceTree = "<group>";
		};
		F76E42672E9071DD0056439C /* Products */ = {
			isa = PBXGroup;
			children = (
				F76E42662E9071DD0056439C /* DaVita-iPad-app.app */,
			);
			name = Products;
			sourceTree = "<group>";
		};
		F76E42A22E9085CE0056439C /* Views */ = {
			isa = PBXGroup;
			children = (
				F76E42A62E908ADE0056439C /* PeopleListViewController.swift */,
				F76E42AA2E919D1A0056439C /* AddEditPersonViewController.swift */,
				F76E42C02E91A4F70056439C /* LandingHeroHeaderView.swift */,
				F76E42D12E93C0010056439C /* CheckInJourneyViewController.swift */,
				F76E42F32E93D200056439C /* AnalyticsViewController.swift */,
				F76E43002E95A0010056439C /* CheckInHistoryViewController.swift */,
				F76E43312E9800020056439C /* PersonDetailViewController.swift */,
			);
			path = Views;
			sourceTree = "<group>";
		};
		F76E42A32E9085FA0056439C /* ViewModels */ = {
			isa = PBXGroup;
			children = (
				F76E42A82E9182360056439C /* PeopleListViewModel.swift */,
				F76E43172E95C300056439C /* AddEditPersonViewModel.swift */,
			);
			path = ViewModels;
			sourceTree = "<group>";
		};
		F76E42A42E9086030056439C /* Models */ = {
			isa = PBXGroup;
			children = (
				F76E42D32E93C0010056439C /* PersonCheckInData.swift */,
				F76E42E32E93C9010056439C /* TextCategorizer.swift */,
				F76E42E52E93C9010056439C /* Daypart.swift */,
			);
			path = Models;
			sourceTree = "<group>";
		};
		F76E42A52E90860B0056439C /* Services */ = {
			isa = PBXGroup;
			children = (
				F76E42E12E93C9010056439C /* CheckInAnalyticsLogger.swift */,
				F76E42E72E93C950056439C /* CheckInAnalyticsSummaryProvider.swift */,
				F76E42F12E93D200056439C /* AdminSession.swift */,
				F76E43442EA1C0A10056439C /* CheckInService.swift */,
				F76E43102E95B100056439C /* PersonService.swift */,
			);
			path = Services;
			sourceTree = "<group>";
		};
		F76E43162E95B200056439C /* Storage */ = {
			isa = PBXGroup;
			children = (
				F76E43122E95B120056439C /* PersonRepository.swift */,
				F76E43142E95B121056439C /* CheckInRepository.swift */,
			);
			path = Storage;
			sourceTree = "<group>";
		};
		F76E43242E9700100056439C /* Coordinators */ = {
			isa = PBXGroup;
			children = (
				F76E43232E9700020056439C /* AppCoordinator.swift */,
				F76E43212E9700010056439C /* AppRouter.swift */,
				F76E43302E9800010056439C /* PeopleFlowCoordinator.swift */,
			);
			path = Coordinators;
			sourceTree = "<group>";
		};
/* End PBXGroup section */

/* Begin PBXNativeTarget section */
		F76E42652E9071DD0056439C /* DaVita-iPad-app */ = {
			isa = PBXNativeTarget;
			buildConfigurationList = F76E428F2E9071DE0056439C /* Build configuration list for PBXNativeTarget "DaVita-iPad-app" */;
			buildPhases = (
				F76E42622E9071DD0056439C /* Sources */,
				F76E42632E9071DD0056439C /* Frameworks */,
				F76E42642E9071DD0056439C /* Resources */,
			);
			buildRules = (
			);
			dependencies = (
			);
			fileSystemSynchronizedGroups = (
				F76E42682E9071DD0056439C /* DaVita-iPad-app */,
			);
			name = "DaVita-iPad-app";
			packageProductDependencies = (
			);
			productName = "DaVita-iPad-app";
			productReference = F76E42662E9071DD0056439C /* DaVita-iPad-app.app */;
			productType = "com.apple.product-type.application";
		};
/* End PBXNativeTarget section */

/* Begin PBXProject section */
		F76E425E2E9071DD0056439C /* Project object */ = {
			isa = PBXProject;
			attributes = {
				BuildIndependentTargetsInParallel = 1;
				LastSwiftUpdateCheck = 1640;
				LastUpgradeCheck = 1640;
				TargetAttributes = {
					F76E42652E9071DD0056439C = {
						CreatedOnToolsVersion = 16.4;
					};
				};
			};
			buildConfigurationList = F76E42612E9071DD0056439C /* Build configuration list for PBXProject "DaVita-iPad-app" */;
			developmentRegion = en;
			hasScannedForEncodings = 0;
			knownRegions = (
				en,
				Base,
			);
			mainGroup = F76E425D2E9071DD0056439C;
			minimizedProjectReferenceProxies = 1;
			preferredProjectObjectVersion = 77;
			productRefGroup = F76E42672E9071DD0056439C /* Products */;
			projectDirPath = "";
			projectRoot = "";
			targets = (
				F76E42652E9071DD0056439C /* DaVita-iPad-app */,
			);
		};
/* End PBXProject section */

/* Begin PBXResourcesBuildPhase section */
		F76E42642E9071DD0056439C /* Resources */ = {
			isa = PBXResourcesBuildPhase;
			buildActionMask = 2147483647;
			files = (
			);
			runOnlyForDeploymentPostprocessing = 0;
		};
/* End PBXResourcesBuildPhase section */

/* Begin PBXSourcesBuildPhase section */
		F76E42622E9071DD0056439C /* Sources */ = {
			isa = PBXSourcesBuildPhase;
			buildActionMask = 2147483647;
			files = (
				F76E42A92E91857A0056439C /* PeopleListViewModel.swift in Sources */,
				F76E42AB2E919D1A0056439C /* AddEditPersonViewController.swift in Sources */,
				F76E42A72E908ADE0056439C /* PeopleListViewController.swift in Sources */,
				F76E42C12E91A4F70056439C /* LandingHeroHeaderView.swift in Sources */,
				F76E42D22E93C0010056439C /* CheckInJourneyViewController.swift in Sources */,
				F76E42D42E93C0010056439C /* PersonCheckInData.swift in Sources */,
				F76E42E22E93C9010056439C /* CheckInAnalyticsLogger.swift in Sources */,
				F76E42E42E93C9010056439C /* TextCategorizer.swift in Sources */,
				F76E42E62E93C9010056439C /* Daypart.swift in Sources */,
				F76E42E82E93C950056439C /* CheckInAnalyticsSummaryProvider.swift in Sources */,
				F76E42F22E93D200056439C /* AdminSession.swift in Sources */,
				F76E42F42E93D200056439C /* AnalyticsViewController.swift in Sources */,
				F76E43012E95A0010056439C /* CheckInHistoryViewController.swift in Sources */,
				F76E43452EA1C0A10056439C /* CheckInService.swift in Sources */,
				F76E43112E95B100056439C /* PersonService.swift in Sources */,
				F76E43132E95B120056439C /* PersonRepository.swift in Sources */,
				F76E43152E95B121056439C /* CheckInRepository.swift in Sources */,
				F76E43182E95C301056439C /* AddEditPersonViewModel.swift in Sources */,
				F76E43202E9700010056439C /* AppRouter.swift in Sources */,
				F76E43222E9700020056439C /* AppCoordinator.swift in Sources */,
				F76E43322E9800030056439C /* PeopleFlowCoordinator.swift in Sources */,
				F76E43332E9800040056439C /* PersonDetailViewController.swift in Sources */,
			);
			runOnlyForDeploymentPostprocessing = 0;
		};
/* End PBXSourcesBuildPhase section */

/* Begin XCBuildConfiguration section */
		F76E42902E9071DE0056439C /* Debug */ = {
			isa = XCBuildConfiguration;
			buildSettings = {
				ASSETCATALOG_COMPILER_APPICON_NAME = AppIcon;
				ASSETCATALOG_COMPILER_GLOBAL_ACCENT_COLOR_NAME = AccentColor;
				CODE_SIGN_STYLE = Automatic;
				CURRENT_PROJECT_VERSION = 1;
				DEVELOPMENT_TEAM = JGUQ8P2XQG;
				GENERATE_INFOPLIST_FILE = YES;
				INFOPLIST_FILE = "DaVita-iPad-app/Info.plist";
				INFOPLIST_KEY_UIApplicationSupportsIndirectInputEvents = YES;
				INFOPLIST_KEY_UILaunchStoryboardName = LaunchScreen;
				INFOPLIST_KEY_UIMainStoryboardFile = Main;
				INFOPLIST_KEY_UISupportedInterfaceOrientations_iPad = "UIInterfaceOrientationPortrait UIInterfaceOrientationPortraitUpsideDown UIInterfaceOrientationLandscapeLeft UIInterfaceOrientationLandscapeRight";
				INFOPLIST_KEY_UISupportedInterfaceOrientations_iPhone = "UIInterfaceOrientationPortrait UIInterfaceOrientationLandscapeLeft UIInterfaceOrientationLandscapeRight";
				LD_RUNPATH_SEARCH_PATHS = (
					"$(inherited)",
					"@executable_path/Frameworks",
				);
				MARKETING_VERSION = 1.0;
				PRODUCT_BUNDLE_IDENTIFIER = "Test.DaVita-iPad-app";
				PRODUCT_NAME = "$(TARGET_NAME)";
				SUPPORTED_PLATFORMS = "iphoneos iphonesimulator";
				SUPPORTS_MACCATALYST = NO;
				SUPPORTS_XR_DESIGNED_FOR_IPHONE_IPAD = NO;
				SWIFT_EMIT_LOC_STRINGS = YES;
				SWIFT_VERSION = 5.0;
				TARGETED_DEVICE_FAMILY = 2;
			};
			name = Debug;
		};
		F76E42912E9071DE0056439C /* Release */ = {
			isa = XCBuildConfiguration;
			buildSettings = {
				ASSETCATALOG_COMPILER_APPICON_NAME = AppIcon;
				ASSETCATALOG_COMPILER_GLOBAL_ACCENT_COLOR_NAME = AccentColor;
				CODE_SIGN_STYLE = Automatic;
				CURRENT_PROJECT_VERSION = 1;
				DEVELOPMENT_TEAM = JGUQ8P2XQG;
				GENERATE_INFOPLIST_FILE = YES;
				INFOPLIST_FILE = "DaVita-iPad-app/Info.plist";
				INFOPLIST_KEY_UIApplicationSupportsIndirectInputEvents = YES;
				INFOPLIST_KEY_UILaunchStoryboardName = LaunchScreen;
				INFOPLIST_KEY_UIMainStoryboardFile = Main;
				INFOPLIST_KEY_UISupportedInterfaceOrientations_iPad = "UIInterfaceOrientationPortrait UIInterfaceOrientationPortraitUpsideDown UIInterfaceOrientationLandscapeLeft UIInterfaceOrientationLandscapeRight";
				INFOPLIST_KEY_UISupportedInterfaceOrientations_iPhone = "UIInterfaceOrientationPortrait UIInterfaceOrientationLandscapeLeft UIInterfaceOrientationLandscapeRight";
				LD_RUNPATH_SEARCH_PATHS = (
					"$(inherited)",
					"@executable_path/Frameworks",
				);
				MARKETING_VERSION = 1.0;
				PRODUCT_BUNDLE_IDENTIFIER = "Test.DaVita-iPad-app";
				PRODUCT_NAME = "$(TARGET_NAME)";
				SUPPORTED_PLATFORMS = "iphoneos iphonesimulator";
				SUPPORTS_MACCATALYST = NO;
				SUPPORTS_XR_DESIGNED_FOR_IPHONE_IPAD = NO;
				SWIFT_EMIT_LOC_STRINGS = YES;
				SWIFT_VERSION = 5.0;
				TARGETED_DEVICE_FAMILY = 2;
			};
			name = Release;
		};
		F76E42922E9071DE0056439C /* Debug */ = {
			isa = XCBuildConfiguration;
			buildSettings = {
				ALWAYS_SEARCH_USER_PATHS = NO;
				ASSETCATALOG_COMPILER_GENERATE_SWIFT_ASSET_SYMBOL_EXTENSIONS = YES;
				CLANG_ANALYZER_NONNULL = YES;
				CLANG_ANALYZER_NUMBER_OBJECT_CONVERSION = YES_AGGRESSIVE;
				CLANG_CXX_LANGUAGE_STANDARD = "gnu++20";
				CLANG_ENABLE_MODULES = YES;
				CLANG_ENABLE_OBJC_ARC = YES;
				CLANG_ENABLE_OBJC_WEAK = YES;
				CLANG_WARN_BLOCK_CAPTURE_AUTORELEASING = YES;
				CLANG_WARN_BOOL_CONVERSION = YES;
				CLANG_WARN_COMMA = YES;
				CLANG_WARN_CONSTANT_CONVERSION = YES;
				CLANG_WARN_DEPRECATED_OBJC_IMPLEMENTATIONS = YES;
				CLANG_WARN_DIRECT_OBJC_ISA_USAGE = YES_ERROR;
				CLANG_WARN_DOCUMENTATION_COMMENTS = YES;
				CLANG_WARN_EMPTY_BODY = YES;
				CLANG_WARN_ENUM_CONVERSION = YES;
				CLANG_WARN_INFINITE_RECURSION = YES;
				CLANG_WARN_INT_CONVERSION = YES;
				CLANG_WARN_NON_LITERAL_NULL_CONVERSION = YES;
				CLANG_WARN_OBJC_IMPLICIT_RETAIN_SELF = YES;
				CLANG_WARN_OBJC_LITERAL_CONVERSION = YES;
				CLANG_WARN_OBJC_ROOT_CLASS = YES_ERROR;
				CLANG_WARN_QUOTED_INCLUDE_IN_FRAMEWORK_HEADER = YES;
				CLANG_WARN_RANGE_LOOP_ANALYSIS = YES;
				CLANG_WARN_STRICT_PROTOTYPES = YES;
				CLANG_WARN_SUSPICIOUS_MOVE = YES;
				CLANG_WARN_UNGUARDED_AVAILABILITY = YES_AGGRESSIVE;
				CLANG_WARN_UNREACHABLE_CODE = YES;
				CLANG_WARN__DUPLICATE_METHOD_MATCH = YES;
				COPY_PHASE_STRIP = NO;
				DEBUG_INFORMATION_FORMAT = dwarf;
				DEVELOPMENT_TEAM = JGUQ8P2XQG;
				ENABLE_STRICT_OBJC_MSGSEND = YES;
				ENABLE_TESTABILITY = YES;
				ENABLE_USER_SCRIPT_SANDBOXING = YES;
				GCC_C_LANGUAGE_STANDARD = gnu17;
				GCC_DYNAMIC_NO_PIC = NO;
				GCC_NO_COMMON_BLOCKS = YES;
				GCC_OPTIMIZATION_LEVEL = 0;
				GCC_PREPROCESSOR_DEFINITIONS = (
					"DEBUG=1",
					"$(inherited)",
				);
				GCC_WARN_64_TO_32_BIT_CONVERSION = YES;
				GCC_WARN_ABOUT_RETURN_TYPE = YES_ERROR;
				GCC_WARN_UNDECLARED_SELECTOR = YES;
				GCC_WARN_UNINITIALIZED_AUTOS = YES_AGGRESSIVE;
				GCC_WARN_UNUSED_FUNCTION = YES;
				GCC_WARN_UNUSED_VARIABLE = YES;
				IPHONEOS_DEPLOYMENT_TARGET = 18.5;
				LOCALIZATION_PREFERS_STRING_CATALOGS = YES;
				MTL_ENABLE_DEBUG_INFO = INCLUDE_SOURCE;
				MTL_FAST_MATH = YES;
				ONLY_ACTIVE_ARCH = YES;
				SDKROOT = iphoneos;
				SWIFT_ACTIVE_COMPILATION_CONDITIONS = "DEBUG $(inherited)";
				SWIFT_OPTIMIZATION_LEVEL = "-Onone";
			};
			name = Debug;
		};
		F76E42932E9071DE0056439C /* Release */ = {
			isa = XCBuildConfiguration;
			buildSettings = {
				ALWAYS_SEARCH_USER_PATHS = NO;
				ASSETCATALOG_COMPILER_GENERATE_SWIFT_ASSET_SYMBOL_EXTENSIONS = YES;
				CLANG_ANALYZER_NONNULL = YES;
				CLANG_ANALYZER_NUMBER_OBJECT_CONVERSION = YES_AGGRESSIVE;
				CLANG_CXX_LANGUAGE_STANDARD = "gnu++20";
				CLANG_ENABLE_MODULES = YES;
				CLANG_ENABLE_OBJC_ARC = YES;
				CLANG_ENABLE_OBJC_WEAK = YES;
				CLANG_WARN_BLOCK_CAPTURE_AUTORELEASING = YES;
				CLANG_WARN_BOOL_CONVERSION = YES;
				CLANG_WARN_COMMA = YES;
				CLANG_WARN_CONSTANT_CONVERSION = YES;
				CLANG_WARN_DEPRECATED_OBJC_IMPLEMENTATIONS = YES;
				CLANG_WARN_DIRECT_OBJC_ISA_USAGE = YES_ERROR;
				CLANG_WARN_DOCUMENTATION_COMMENTS = YES;
				CLANG_WARN_EMPTY_BODY = YES;
				CLANG_WARN_ENUM_CONVERSION = YES;
				CLANG_WARN_INFINITE_RECURSION = YES;
				CLANG_WARN_INT_CONVERSION = YES;
				CLANG_WARN_NON_LITERAL_NULL_CONVERSION = YES;
				CLANG_WARN_OBJC_IMPLICIT_RETAIN_SELF = YES;
				CLANG_WARN_OBJC_LITERAL_CONVERSION = YES;
				CLANG_WARN_OBJC_ROOT_CLASS = YES_ERROR;
				CLANG_WARN_QUOTED_INCLUDE_IN_FRAMEWORK_HEADER = YES;
				CLANG_WARN_RANGE_LOOP_ANALYSIS = YES;
				CLANG_WARN_STRICT_PROTOTYPES = YES;
				CLANG_WARN_SUSPICIOUS_MOVE = YES;
				CLANG_WARN_UNGUARDED_AVAILABILITY = YES_AGGRESSIVE;
				CLANG_WARN_UNREACHABLE_CODE = YES;
				CLANG_WARN__DUPLICATE_METHOD_MATCH = YES;
				COPY_PHASE_STRIP = NO;
				DEBUG_INFORMATION_FORMAT = "dwarf-with-dsym";
				DEVELOPMENT_TEAM = JGUQ8P2XQG;
				ENABLE_NS_ASSERTIONS = NO;
				ENABLE_STRICT_OBJC_MSGSEND = YES;
				ENABLE_USER_SCRIPT_SANDBOXING = YES;
				GCC_C_LANGUAGE_STANDARD = gnu17;
				GCC_NO_COMMON_BLOCKS = YES;
				GCC_WARN_64_TO_32_BIT_CONVERSION = YES;
				GCC_WARN_ABOUT_RETURN_TYPE = YES_ERROR;
				GCC_WARN_UNDECLARED_SELECTOR = YES;
				GCC_WARN_UNINITIALIZED_AUTOS = YES_AGGRESSIVE;
				GCC_WARN_UNUSED_FUNCTION = YES;
				GCC_WARN_UNUSED_VARIABLE = YES;
				IPHONEOS_DEPLOYMENT_TARGET = 18.5;
				LOCALIZATION_PREFERS_STRING_CATALOGS = YES;
				MTL_ENABLE_DEBUG_INFO = NO;
				MTL_FAST_MATH = YES;
				SDKROOT = iphoneos;
				SWIFT_COMPILATION_MODE = wholemodule;
				VALIDATE_PRODUCT = YES;
			};
			name = Release;
		};
/* End XCBuildConfiguration section */

/* Begin XCConfigurationList section */
		F76E42612E9071DD0056439C /* Build configuration list for PBXProject "DaVita-iPad-app" */ = {
			isa = XCConfigurationList;
			buildConfigurations = (
				F76E42922E9071DE0056439C /* Debug */,
				F76E42932E9071DE0056439C /* Release */,
			);
			defaultConfigurationIsVisible = 0;
			defaultConfigurationName = Release;
		};
		F76E428F2E9071DE0056439C /* Build configuration list for PBXNativeTarget "DaVita-iPad-app" */ = {
			isa = XCConfigurationList;
			buildConfigurations = (
				F76E42902E9071DE0056439C /* Debug */,
				F76E42912E9071DE0056439C /* Release */,
			);
			defaultConfigurationIsVisible = 0;
			defaultConfigurationName = Release;
		};
/* End XCConfigurationList section */
	};
	rootObject = F76E425E2E9071DD0056439C /* Project object */;
}
